// !$*UTF8*$!
{
	archiveVersion = 1;
	classes = {
	};
	objectVersion = 46;
	objects = {

/* Begin PBXBuildFile section */
		1F688BC41D06D20B00FD0518 /* main.m in Sources */ = {isa = PBXBuildFile; fileRef = 1F688BC31D06D20B00FD0518 /* main.m */; };
		1F688BC71D06D20B00FD0518 /* AppDelegate.m in Sources */ = {isa = PBXBuildFile; fileRef = 1F688BC61D06D20B00FD0518 /* AppDelegate.m */; };
		1F688BCA1D06D20B00FD0518 /* MainViewController.m in Sources */ = {isa = PBXBuildFile; fileRef = 1F688BC91D06D20B00FD0518 /* MainViewController.m */; };
		1F688BCD1D06D20B00FD0518 /* Main.storyboard in Resources */ = {isa = PBXBuildFile; fileRef = 1F688BCB1D06D20B00FD0518 /* Main.storyboard */; };
		1F688BCF1D06D20B00FD0518 /* Assets.xcassets in Resources */ = {isa = PBXBuildFile; fileRef = 1F688BCE1D06D20B00FD0518 /* Assets.xcassets */; };
		1F688BD21D06D20B00FD0518 /* LaunchScreen.storyboard in Resources */ = {isa = PBXBuildFile; fileRef = 1F688BD01D06D20B00FD0518 /* LaunchScreen.storyboard */; };
		1F688BDD1D06D20B00FD0518 /* GoEuroTaskTests.m in Sources */ = {isa = PBXBuildFile; fileRef = 1F688BDC1D06D20B00FD0518 /* GoEuroTaskTests.m */; };
		1F688BE81D06D20B00FD0518 /* GoEuroTaskUITests.m in Sources */ = {isa = PBXBuildFile; fileRef = 1F688BE71D06D20B00FD0518 /* GoEuroTaskUITests.m */; };
		1F688BFA1D06D76400FD0518 /* AutocompleteAnimator.m in Sources */ = {isa = PBXBuildFile; fileRef = 1F688BF91D06D76400FD0518 /* AutocompleteAnimator.m */; };
		1FBCE0AC1D09C3F800551ED3 /* AutocompleteViewController.m in Sources */ = {isa = PBXBuildFile; fileRef = 1FBCE0AB1D09C3F800551ED3 /* AutocompleteViewController.m */; };
		1FBCE0B11D0EA60700551ED3 /* WebGetSuggestionAPI.m in Sources */ = {isa = PBXBuildFile; fileRef = 1FBCE0AE1D0EA60600551ED3 /* WebGetSuggestionAPI.m */; };
		1FBCE0B21D0EA60700551ED3 /* WebBaseAPI.m in Sources */ = {isa = PBXBuildFile; fileRef = 1FBCE0B01D0EA60600551ED3 /* WebBaseAPI.m */; };
		1FBCE0B61D0EA63300551ED3 /* Place.m in Sources */ = {isa = PBXBuildFile; fileRef = 1FBCE0B51D0EA63300551ED3 /* Place.m */; };
		1FBCE0BA1D0EB1A100551ED3 /* CoreLocation.framework in Frameworks */ = {isa = PBXBuildFile; fileRef = 1FBCE0B91D0EB1A100551ED3 /* CoreLocation.framework */; };
		1FBCE0C51D1006D900551ED3 /* DatePickerPopoverViewController.swift in Sources */ = {isa = PBXBuildFile; fileRef = 1FBCE0C41D1006D900551ED3 /* DatePickerPopoverViewController.swift */; };
/* End PBXBuildFile section */

/* Begin PBXContainerItemProxy section */
		1F688BD91D06D20B00FD0518 /* PBXContainerItemProxy */ = {
			isa = PBXContainerItemProxy;
			containerPortal = 1F688BB71D06D20B00FD0518 /* Project object */;
			proxyType = 1;
			remoteGlobalIDString = 1F688BBE1D06D20B00FD0518;
			remoteInfo = GoEuroTask;
		};
		1F688BE41D06D20B00FD0518 /* PBXContainerItemProxy */ = {
			isa = PBXContainerItemProxy;
			containerPortal = 1F688BB71D06D20B00FD0518 /* Project object */;
			proxyType = 1;
			remoteGlobalIDString = 1F688BBE1D06D20B00FD0518;
			remoteInfo = GoEuroTask;
		};
/* End PBXContainerItemProxy section */

/* Begin PBXFileReference section */
		1F688BBF1D06D20B00FD0518 /* GoEuroTask.app */ = {isa = PBXFileReference; explicitFileType = wrapper.application; includeInIndex = 0; path = GoEuroTask.app; sourceTree = BUILT_PRODUCTS_DIR; };
		1F688BC31D06D20B00FD0518 /* main.m */ = {isa = PBXFileReference; lastKnownFileType = sourcecode.c.objc; path = main.m; sourceTree = "<group>"; };
		1F688BC51D06D20B00FD0518 /* AppDelegate.h */ = {isa = PBXFileReference; lastKnownFileType = sourcecode.c.h; path = AppDelegate.h; sourceTree = "<group>"; };
		1F688BC61D06D20B00FD0518 /* AppDelegate.m */ = {isa = PBXFileReference; lastKnownFileType = sourcecode.c.objc; path = AppDelegate.m; sourceTree = "<group>"; };
		1F688BC81D06D20B00FD0518 /* MainViewController.h */ = {isa = PBXFileReference; lastKnownFileType = sourcecode.c.h; path = MainViewController.h; sourceTree = "<group>"; };
		1F688BC91D06D20B00FD0518 /* MainViewController.m */ = {isa = PBXFileReference; lastKnownFileType = sourcecode.c.objc; path = MainViewController.m; sourceTree = "<group>"; };
		1F688BCC1D06D20B00FD0518 /* Base */ = {isa = PBXFileReference; lastKnownFileType = file.storyboard; name = Base; path = Base.lproj/Main.storyboard; sourceTree = "<group>"; };
		1F688BCE1D06D20B00FD0518 /* Assets.xcassets */ = {isa = PBXFileReference; lastKnownFileType = folder.assetcatalog; path = Assets.xcassets; sourceTree = "<group>"; };
		1F688BD11D06D20B00FD0518 /* Base */ = {isa = PBXFileReference; lastKnownFileType = file.storyboard; name = Base; path = Base.lproj/LaunchScreen.storyboard; sourceTree = "<group>"; };
		1F688BD31D06D20B00FD0518 /* Info.plist */ = {isa = PBXFileReference; lastKnownFileType = text.plist.xml; path = Info.plist; sourceTree = "<group>"; };
		1F688BD81D06D20B00FD0518 /* GoEuroTaskTests.xctest */ = {isa = PBXFileReference; explicitFileType = wrapper.cfbundle; includeInIndex = 0; path = GoEuroTaskTests.xctest; sourceTree = BUILT_PRODUCTS_DIR; };
		1F688BDC1D06D20B00FD0518 /* GoEuroTaskTests.m */ = {isa = PBXFileReference; lastKnownFileType = sourcecode.c.objc; path = GoEuroTaskTests.m; sourceTree = "<group>"; };
		1F688BDE1D06D20B00FD0518 /* Info.plist */ = {isa = PBXFileReference; lastKnownFileType = text.plist.xml; path = Info.plist; sourceTree = "<group>"; };
		1F688BE31D06D20B00FD0518 /* GoEuroTaskUITests.xctest */ = {isa = PBXFileReference; explicitFileType = wrapper.cfbundle; includeInIndex = 0; path = GoEuroTaskUITests.xctest; sourceTree = BUILT_PRODUCTS_DIR; };
		1F688BE71D06D20B00FD0518 /* GoEuroTaskUITests.m */ = {isa = PBXFileReference; lastKnownFileType = sourcecode.c.objc; path = GoEuroTaskUITests.m; sourceTree = "<group>"; };
		1F688BE91D06D20B00FD0518 /* Info.plist */ = {isa = PBXFileReference; lastKnownFileType = text.plist.xml; path = Info.plist; sourceTree = "<group>"; };
		1F688BF81D06D76400FD0518 /* AutocompleteAnimator.h */ = {isa = PBXFileReference; fileEncoding = 4; lastKnownFileType = sourcecode.c.h; path = AutocompleteAnimator.h; sourceTree = "<group>"; };
		1F688BF91D06D76400FD0518 /* AutocompleteAnimator.m */ = {isa = PBXFileReference; fileEncoding = 4; lastKnownFileType = sourcecode.c.objc; path = AutocompleteAnimator.m; sourceTree = "<group>"; };
		1FBCE0AA1D09C3F800551ED3 /* AutocompleteViewController.h */ = {isa = PBXFileReference; fileEncoding = 4; lastKnownFileType = sourcecode.c.h; path = AutocompleteViewController.h; sourceTree = "<group>"; };
		1FBCE0AB1D09C3F800551ED3 /* AutocompleteViewController.m */ = {isa = PBXFileReference; fileEncoding = 4; lastKnownFileType = sourcecode.c.objc; path = AutocompleteViewController.m; sourceTree = "<group>"; };
		1FBCE0AD1D0EA60600551ED3 /* WebGetSuggestionAPI.h */ = {isa = PBXFileReference; fileEncoding = 4; lastKnownFileType = sourcecode.c.h; path = WebGetSuggestionAPI.h; sourceTree = "<group>"; };
		1FBCE0AE1D0EA60600551ED3 /* WebGetSuggestionAPI.m */ = {isa = PBXFileReference; fileEncoding = 4; lastKnownFileType = sourcecode.c.objc; path = WebGetSuggestionAPI.m; sourceTree = "<group>"; };
		1FBCE0AF1D0EA60600551ED3 /* WebBaseAPI.h */ = {isa = PBXFileReference; fileEncoding = 4; lastKnownFileType = sourcecode.c.h; path = WebBaseAPI.h; sourceTree = "<group>"; };
		1FBCE0B01D0EA60600551ED3 /* WebBaseAPI.m */ = {isa = PBXFileReference; fileEncoding = 4; lastKnownFileType = sourcecode.c.objc; path = WebBaseAPI.m; sourceTree = "<group>"; };
		1FBCE0B41D0EA63300551ED3 /* Place.h */ = {isa = PBXFileReference; fileEncoding = 4; lastKnownFileType = sourcecode.c.h; path = Place.h; sourceTree = "<group>"; };
		1FBCE0B51D0EA63300551ED3 /* Place.m */ = {isa = PBXFileReference; fileEncoding = 4; lastKnownFileType = sourcecode.c.objc; path = Place.m; sourceTree = "<group>"; };
		1FBCE0B91D0EB1A100551ED3 /* CoreLocation.framework */ = {isa = PBXFileReference; lastKnownFileType = wrapper.framework; name = CoreLocation.framework; path = System/Library/Frameworks/CoreLocation.framework; sourceTree = SDKROOT; };
		1FBCE0C31D1006D900551ED3 /* GoEuroTask-Bridging-Header.h */ = {isa = PBXFileReference; lastKnownFileType = sourcecode.c.h; path = "GoEuroTask-Bridging-Header.h"; sourceTree = "<group>"; };
		1FBCE0C41D1006D900551ED3 /* DatePickerPopoverViewController.swift */ = {isa = PBXFileReference; fileEncoding = 4; lastKnownFileType = sourcecode.swift; path = DatePickerPopoverViewController.swift; sourceTree = "<group>"; };
/* End PBXFileReference section */

/* Begin PBXFrameworksBuildPhase section */
		1F688BBC1D06D20B00FD0518 /* Frameworks */ = {
			isa = PBXFrameworksBuildPhase;
			buildActionMask = 2147483647;
			files = (
				1FBCE0BA1D0EB1A100551ED3 /* CoreLocation.framework in Frameworks */,
			);
			runOnlyForDeploymentPostprocessing = 0;
		};
		1F688BD51D06D20B00FD0518 /* Frameworks */ = {
			isa = PBXFrameworksBuildPhase;
			buildActionMask = 2147483647;
			files = (
			);
			runOnlyForDeploymentPostprocessing = 0;
		};
		1F688BE01D06D20B00FD0518 /* Frameworks */ = {
			isa = PBXFrameworksBuildPhase;
			buildActionMask = 2147483647;
			files = (
			);
			runOnlyForDeploymentPostprocessing = 0;
		};
/* End PBXFrameworksBuildPhase section */

/* Begin PBXGroup section */
		1F2407681D1010490006447F /* Main ViewController */ = {
			isa = PBXGroup;
			children = (
				1F688BC81D06D20B00FD0518 /* MainViewController.h */,
				1F688BC91D06D20B00FD0518 /* MainViewController.m */,
			);
			name = "Main ViewController";
			sourceTree = "<group>";
		};
		1F2407691D1010590006447F /* View Controllers */ = {
			isa = PBXGroup;
			children = (
				1FBCE0C21D0F5B0900551ED3 /* DatePicker ViewController */,
				1FBCE0B81D0EA67F00551ED3 /* AutoComplete ViewController */,
				1F2407681D1010490006447F /* Main ViewController */,
			);
			name = "View Controllers";
			sourceTree = "<group>";
		};
		1F688BB61D06D20B00FD0518 = {
			isa = PBXGroup;
			children = (
				1FBCE0B91D0EB1A100551ED3 /* CoreLocation.framework */,
				1F688BC11D06D20B00FD0518 /* GoEuroTask */,
				1F688BDB1D06D20B00FD0518 /* GoEuroTaskTests */,
				1F688BE61D06D20B00FD0518 /* GoEuroTaskUITests */,
				1F688BC01D06D20B00FD0518 /* Products */,
			);
			sourceTree = "<group>";
		};
		1F688BC01D06D20B00FD0518 /* Products */ = {
			isa = PBXGroup;
			children = (
				1F688BBF1D06D20B00FD0518 /* GoEuroTask.app */,
				1F688BD81D06D20B00FD0518 /* GoEuroTaskTests.xctest */,
				1F688BE31D06D20B00FD0518 /* GoEuroTaskUITests.xctest */,
			);
			name = Products;
			sourceTree = "<group>";
		};
		1F688BC11D06D20B00FD0518 /* GoEuroTask */ = {
			isa = PBXGroup;
			children = (
				1FBCE0B71D0EA64200551ED3 /* Data */,
				1FBCE0B31D0EA60900551ED3 /* Web API's */,
				1F2407691D1010590006447F /* View Controllers */,
				1F688BC51D06D20B00FD0518 /* AppDelegate.h */,
				1F688BC61D06D20B00FD0518 /* AppDelegate.m */,
				1F688BCB1D06D20B00FD0518 /* Main.storyboard */,
				1F688BCE1D06D20B00FD0518 /* Assets.xcassets */,
				1F688BD01D06D20B00FD0518 /* LaunchScreen.storyboard */,
				1F688BD31D06D20B00FD0518 /* Info.plist */,
				1F688BC21D06D20B00FD0518 /* Supporting Files */,
			);
			path = GoEuroTask;
			sourceTree = "<group>";
		};
		1F688BC21D06D20B00FD0518 /* Supporting Files */ = {
			isa = PBXGroup;
			children = (
				1F688BC31D06D20B00FD0518 /* main.m */,
			);
			name = "Supporting Files";
			sourceTree = "<group>";
		};
		1F688BDB1D06D20B00FD0518 /* GoEuroTaskTests */ = {
			isa = PBXGroup;
			children = (
				1F688BDC1D06D20B00FD0518 /* GoEuroTaskTests.m */,
				1F688BDE1D06D20B00FD0518 /* Info.plist */,
			);
			path = GoEuroTaskTests;
			sourceTree = "<group>";
		};
		1F688BE61D06D20B00FD0518 /* GoEuroTaskUITests */ = {
			isa = PBXGroup;
			children = (
				1F688BE71D06D20B00FD0518 /* GoEuroTaskUITests.m */,
				1F688BE91D06D20B00FD0518 /* Info.plist */,
			);
			path = GoEuroTaskUITests;
			sourceTree = "<group>";
		};
		1FBCE0B31D0EA60900551ED3 /* Web API's */ = {
			isa = PBXGroup;
			children = (
				1FBCE0AF1D0EA60600551ED3 /* WebBaseAPI.h */,
				1FBCE0B01D0EA60600551ED3 /* WebBaseAPI.m */,
				1FBCE0AD1D0EA60600551ED3 /* WebGetSuggestionAPI.h */,
				1FBCE0AE1D0EA60600551ED3 /* WebGetSuggestionAPI.m */,
			);
			name = "Web API's";
			sourceTree = "<group>";
		};
		1FBCE0B71D0EA64200551ED3 /* Data */ = {
			isa = PBXGroup;
			children = (
				1FBCE0B41D0EA63300551ED3 /* Place.h */,
				1FBCE0B51D0EA63300551ED3 /* Place.m */,
			);
			name = Data;
			sourceTree = "<group>";
		};
		1FBCE0B81D0EA67F00551ED3 /* AutoComplete ViewController */ = {
			isa = PBXGroup;
			children = (
				1F688BF81D06D76400FD0518 /* AutocompleteAnimator.h */,
				1F688BF91D06D76400FD0518 /* AutocompleteAnimator.m */,
				1FBCE0AA1D09C3F800551ED3 /* AutocompleteViewController.h */,
				1FBCE0AB1D09C3F800551ED3 /* AutocompleteViewController.m */,
			);
			name = "AutoComplete ViewController";
			sourceTree = "<group>";
		};
		1FBCE0C21D0F5B0900551ED3 /* DatePicker ViewController */ = {
			isa = PBXGroup;
			children = (
				1FBCE0C41D1006D900551ED3 /* DatePickerPopoverViewController.swift */,
				1FBCE0C31D1006D900551ED3 /* GoEuroTask-Bridging-Header.h */,
			);
			name = "DatePicker ViewController";
			sourceTree = "<group>";
		};
/* End PBXGroup section */

/* Begin PBXNativeTarget section */
		1F688BBE1D06D20B00FD0518 /* GoEuroTask */ = {
			isa = PBXNativeTarget;
			buildConfigurationList = 1F688BEC1D06D20B00FD0518 /* Build configuration list for PBXNativeTarget "GoEuroTask" */;
			buildPhases = (
				1F688BBB1D06D20B00FD0518 /* Sources */,
				1F688BBC1D06D20B00FD0518 /* Frameworks */,
				1F688BBD1D06D20B00FD0518 /* Resources */,
			);
			buildRules = (
			);
			dependencies = (
			);
			name = GoEuroTask;
			productName = GoEuroTask;
			productReference = 1F688BBF1D06D20B00FD0518 /* GoEuroTask.app */;
			productType = "com.apple.product-type.application";
		};
		1F688BD71D06D20B00FD0518 /* GoEuroTaskTests */ = {
			isa = PBXNativeTarget;
			buildConfigurationList = 1F688BEF1D06D20B00FD0518 /* Build configuration list for PBXNativeTarget "GoEuroTaskTests" */;
			buildPhases = (
				1F688BD41D06D20B00FD0518 /* Sources */,
				1F688BD51D06D20B00FD0518 /* Frameworks */,
				1F688BD61D06D20B00FD0518 /* Resources */,
			);
			buildRules = (
			);
			dependencies = (
				1F688BDA1D06D20B00FD0518 /* PBXTargetDependency */,
			);
			name = GoEuroTaskTests;
			productName = GoEuroTaskTests;
			productReference = 1F688BD81D06D20B00FD0518 /* GoEuroTaskTests.xctest */;
			productType = "com.apple.product-type.bundle.unit-test";
		};
		1F688BE21D06D20B00FD0518 /* GoEuroTaskUITests */ = {
			isa = PBXNativeTarget;
			buildConfigurationList = 1F688BF21D06D20B00FD0518 /* Build configuration list for PBXNativeTarget "GoEuroTaskUITests" */;
			buildPhases = (
				1F688BDF1D06D20B00FD0518 /* Sources */,
				1F688BE01D06D20B00FD0518 /* Frameworks */,
				1F688BE11D06D20B00FD0518 /* Resources */,
			);
			buildRules = (
			);
			dependencies = (
				1F688BE51D06D20B00FD0518 /* PBXTargetDependency */,
			);
			name = GoEuroTaskUITests;
			productName = GoEuroTaskUITests;
			productReference = 1F688BE31D06D20B00FD0518 /* GoEuroTaskUITests.xctest */;
			productType = "com.apple.product-type.bundle.ui-testing";
		};
/* End PBXNativeTarget section */

/* Begin PBXProject section */
		1F688BB71D06D20B00FD0518 /* Project object */ = {
			isa = PBXProject;
			attributes = {
				LastUpgradeCheck = 0730;
				ORGANIZATIONNAME = Sa6ry;
				TargetAttributes = {
					1F688BBE1D06D20B00FD0518 = {
						CreatedOnToolsVersion = 7.3.1;
					};
					1F688BD71D06D20B00FD0518 = {
						CreatedOnToolsVersion = 7.3.1;
						TestTargetID = 1F688BBE1D06D20B00FD0518;
					};
					1F688BE21D06D20B00FD0518 = {
						CreatedOnToolsVersion = 7.3.1;
						TestTargetID = 1F688BBE1D06D20B00FD0518;
					};
				};
			};
			buildConfigurationList = 1F688BBA1D06D20B00FD0518 /* Build configuration list for PBXProject "GoEuroTask" */;
			compatibilityVersion = "Xcode 3.2";
			developmentRegion = English;
			hasScannedForEncodings = 0;
			knownRegions = (
				en,
				Base,
			);
			mainGroup = 1F688BB61D06D20B00FD0518;
			productRefGroup = 1F688BC01D06D20B00FD0518 /* Products */;
			projectDirPath = "";
			projectRoot = "";
			targets = (
				1F688BBE1D06D20B00FD0518 /* GoEuroTask */,
				1F688BD71D06D20B00FD0518 /* GoEuroTaskTests */,
				1F688BE21D06D20B00FD0518 /* GoEuroTaskUITests */,
			);
		};
/* End PBXProject section */

/* Begin PBXResourcesBuildPhase section */
		1F688BBD1D06D20B00FD0518 /* Resources */ = {
			isa = PBXResourcesBuildPhase;
			buildActionMask = 2147483647;
			files = (
				1F688BD21D06D20B00FD0518 /* LaunchScreen.storyboard in Resources */,
				1F688BCF1D06D20B00FD0518 /* Assets.xcassets in Resources */,
				1F688BCD1D06D20B00FD0518 /* Main.storyboard in Resources */,
			);
			runOnlyForDeploymentPostprocessing = 0;
		};
		1F688BD61D06D20B00FD0518 /* Resources */ = {
			isa = PBXResourcesBuildPhase;
			buildActionMask = 2147483647;
			files = (
			);
			runOnlyForDeploymentPostprocessing = 0;
		};
		1F688BE11D06D20B00FD0518 /* Resources */ = {
			isa = PBXResourcesBuildPhase;
			buildActionMask = 2147483647;
			files = (
			);
			runOnlyForDeploymentPostprocessing = 0;
		};
/* End PBXResourcesBuildPhase section */

/* Begin PBXSourcesBuildPhase section */
		1F688BBB1D06D20B00FD0518 /* Sources */ = {
			isa = PBXSourcesBuildPhase;
			buildActionMask = 2147483647;
			files = (
				1F688BCA1D06D20B00FD0518 /* MainViewController.m in Sources */,
				1F688BFA1D06D76400FD0518 /* AutocompleteAnimator.m in Sources */,
				1F688BC71D06D20B00FD0518 /* AppDelegate.m in Sources */,
				1FBCE0B61D0EA63300551ED3 /* Place.m in Sources */,
				1FBCE0B11D0EA60700551ED3 /* WebGetSuggestionAPI.m in Sources */,
				1FBCE0AC1D09C3F800551ED3 /* AutocompleteViewController.m in Sources */,
				1FBCE0C51D1006D900551ED3 /* DatePickerPopoverViewController.swift in Sources */,
				1FBCE0B21D0EA60700551ED3 /* WebBaseAPI.m in Sources */,
				1F688BC41D06D20B00FD0518 /* main.m in Sources */,
			);
			runOnlyForDeploymentPostprocessing = 0;
		};
		1F688BD41D06D20B00FD0518 /* Sources */ = {
			isa = PBXSourcesBuildPhase;
			buildActionMask = 2147483647;
			files = (
				1F688BDD1D06D20B00FD0518 /* GoEuroTaskTests.m in Sources */,
			);
			runOnlyForDeploymentPostprocessing = 0;
		};
		1F688BDF1D06D20B00FD0518 /* Sources */ = {
			isa = PBXSourcesBuildPhase;
			buildActionMask = 2147483647;
			files = (
				1F688BE81D06D20B00FD0518 /* GoEuroTaskUITests.m in Sources */,
			);
			runOnlyForDeploymentPostprocessing = 0;
		};
/* End PBXSourcesBuildPhase section */

/* Begin PBXTargetDependency section */
		1F688BDA1D06D20B00FD0518 /* PBXTargetDependency */ = {
			isa = PBXTargetDependency;
			target = 1F688BBE1D06D20B00FD0518 /* GoEuroTask */;
			targetProxy = 1F688BD91D06D20B00FD0518 /* PBXContainerItemProxy */;
		};
		1F688BE51D06D20B00FD0518 /* PBXTargetDependency */ = {
			isa = PBXTargetDependency;
			target = 1F688BBE1D06D20B00FD0518 /* GoEuroTask */;
			targetProxy = 1F688BE41D06D20B00FD0518 /* PBXContainerItemProxy */;
		};
/* End PBXTargetDependency section */

/* Begin PBXVariantGroup section */
		1F688BCB1D06D20B00FD0518 /* Main.storyboard */ = {
			isa = PBXVariantGroup;
			children = (
				1F688BCC1D06D20B00FD0518 /* Base */,
			);
			name = Main.storyboard;
			sourceTree = "<group>";
		};
		1F688BD01D06D20B00FD0518 /* LaunchScreen.storyboard */ = {
			isa = PBXVariantGroup;
			children = (
				1F688BD11D06D20B00FD0518 /* Base */,
			);
			name = LaunchScreen.storyboard;
			sourceTree = "<group>";
		};
/* End PBXVariantGroup section */

/* Begin XCBuildConfiguration section */
		1F688BEA1D06D20B00FD0518 /* Debug */ = {
			isa = XCBuildConfiguration;
			buildSettings = {
				ALWAYS_SEARCH_USER_PATHS = NO;
				CLANG_ANALYZER_NONNULL = YES;
				CLANG_CXX_LANGUAGE_STANDARD = "gnu++0x";
				CLANG_CXX_LIBRARY = "libc++";
				CLANG_ENABLE_MODULES = YES;
				CLANG_ENABLE_OBJC_ARC = YES;
				CLANG_WARN_BOOL_CONVERSION = YES;
				CLANG_WARN_CONSTANT_CONVERSION = YES;
				CLANG_WARN_DIRECT_OBJC_ISA_USAGE = YES_ERROR;
				CLANG_WARN_EMPTY_BODY = YES;
				CLANG_WARN_ENUM_CONVERSION = YES;
				CLANG_WARN_INT_CONVERSION = YES;
				CLANG_WARN_OBJC_ROOT_CLASS = YES_ERROR;
				CLANG_WARN_UNREACHABLE_CODE = YES;
				CLANG_WARN__DUPLICATE_METHOD_MATCH = YES;
				"CODE_SIGN_IDENTITY[sdk=iphoneos*]" = "iPhone Developer";
				COPY_PHASE_STRIP = NO;
				DEBUG_INFORMATION_FORMAT = dwarf;
				ENABLE_STRICT_OBJC_MSGSEND = YES;
				ENABLE_TESTABILITY = YES;
				GCC_C_LANGUAGE_STANDARD = gnu99;
				GCC_DYNAMIC_NO_PIC = NO;
				GCC_NO_COMMON_BLOCKS = YES;
				GCC_OPTIMIZATION_LEVEL = 0;
				GCC_PREPROCESSOR_DEFINITIONS = (
					"DEBUG=1",
					"$(inherited)",
				);
				GCC_WARN_64_TO_32_BIT_CONVERSION = YES;
				GCC_WARN_ABOUT_RETURN_TYPE = YES_ERROR;
				GCC_WARN_UNDECLARED_SELECTOR = YES;
				GCC_WARN_UNINITIALIZED_AUTOS = YES_AGGRESSIVE;
				GCC_WARN_UNUSED_FUNCTION = YES;
				GCC_WARN_UNUSED_VARIABLE = YES;
				IPHONEOS_DEPLOYMENT_TARGET = 9.3;
				MTL_ENABLE_DEBUG_INFO = YES;
				ONLY_ACTIVE_ARCH = YES;
				SDKROOT = iphoneos;
				TARGETED_DEVICE_FAMILY = "1,2";
			};
			name = Debug;
		};
		1F688BEB1D06D20B00FD0518 /* Release */ = {
			isa = XCBuildConfiguration;
			buildSettings = {
				ALWAYS_SEARCH_USER_PATHS = NO;
				CLANG_ANALYZER_NONNULL = YES;
				CLANG_CXX_LANGUAGE_STANDARD = "gnu++0x";
				CLANG_CXX_LIBRARY = "libc++";
				CLANG_ENABLE_MODULES = YES;
				CLANG_ENABLE_OBJC_ARC = YES;
				CLANG_WARN_BOOL_CONVERSION = YES;
				CLANG_WARN_CONSTANT_CONVERSION = YES;
				CLANG_WARN_DIRECT_OBJC_ISA_USAGE = YES_ERROR;
				CLANG_WARN_EMPTY_BODY = YES;
				CLANG_WARN_ENUM_CONVERSION = YES;
				CLANG_WARN_INT_CONVERSION = YES;
				CLANG_WARN_OBJC_ROOT_CLASS = YES_ERROR;
				CLANG_WARN_UNREACHABLE_CODE = YES;
				CLANG_WARN__DUPLICATE_METHOD_MATCH = YES;
				"CODE_SIGN_IDENTITY[sdk=iphoneos*]" = "iPhone Developer";
				COPY_PHASE_STRIP = NO;
				DEBUG_INFORMATION_FORMAT = "dwarf-with-dsym";
				ENABLE_NS_ASSERTIONS = NO;
				ENABLE_STRICT_OBJC_MSGSEND = YES;
				GCC_C_LANGUAGE_STANDARD = gnu99;
				GCC_NO_COMMON_BLOCKS = YES;
				GCC_WARN_64_TO_32_BIT_CONVERSION = YES;
				GCC_WARN_ABOUT_RETURN_TYPE = YES_ERROR;
				GCC_WARN_UNDECLARED_SELECTOR = YES;
				GCC_WARN_UNINITIALIZED_AUTOS = YES_AGGRESSIVE;
				GCC_WARN_UNUSED_FUNCTION = YES;
				GCC_WARN_UNUSED_VARIABLE = YES;
				IPHONEOS_DEPLOYMENT_TARGET = 9.3;
				MTL_ENABLE_DEBUG_INFO = NO;
				SDKROOT = iphoneos;
				TARGETED_DEVICE_FAMILY = "1,2";
				VALIDATE_PRODUCT = YES;
			};
			name = Release;
		};
		1F688BED1D06D20B00FD0518 /* Debug */ = {
			isa = XCBuildConfiguration;
			buildSettings = {
				ASSETCATALOG_COMPILER_APPICON_NAME = AppIcon;
				CLANG_ENABLE_MODULES = YES;
				DEFINES_MODULE = YES;
				EMBEDDED_CONTENT_CONTAINS_SWIFT = YES;
				INFOPLIST_FILE = GoEuroTask/Info.plist;
				LD_RUNPATH_SEARCH_PATHS = "$(inherited) @executable_path/Frameworks";
				PRODUCT_BUNDLE_IDENTIFIER = com.xNeat.GoEuroTask;
				PRODUCT_NAME = "$(TARGET_NAME)";
				SWIFT_OBJC_BRIDGING_HEADER = "GoEuroTask/GoEuroTask-Bridging-Header.h";
				SWIFT_OPTIMIZATION_LEVEL = "-Onone";
			};
			name = Debug;
		};
		1F688BEE1D06D20B00FD0518 /* Release */ = {
			isa = XCBuildConfiguration;
			buildSettings = {
				ASSETCATALOG_COMPILER_APPICON_NAME = AppIcon;
				CLANG_ENABLE_MODULES = YES;
				DEFINES_MODULE = YES;
				EMBEDDED_CONTENT_CONTAINS_SWIFT = YES;
				INFOPLIST_FILE = GoEuroTask/Info.plist;
				LD_RUNPATH_SEARCH_PATHS = "$(inherited) @executable_path/Frameworks";
				PRODUCT_BUNDLE_IDENTIFIER = com.xNeat.GoEuroTask;
				PRODUCT_NAME = "$(TARGET_NAME)";
				SWIFT_OBJC_BRIDGING_HEADER = "GoEuroTask/GoEuroTask-Bridging-Header.h";
			};
			name = Release;
		};
		1F688BF01D06D20B00FD0518 /* Debug */ = {
			isa = XCBuildConfiguration;
			buildSettings = {
				BUNDLE_LOADER = "$(TEST_HOST)";
				INFOPLIST_FILE = GoEuroTaskTests/Info.plist;
				LD_RUNPATH_SEARCH_PATHS = "$(inherited) @executable_path/Frameworks @loader_path/Frameworks";
				PRODUCT_BUNDLE_IDENTIFIER = com.xNeat.GoEuroTaskTests;
				PRODUCT_NAME = "$(TARGET_NAME)";
				TEST_HOST = "$(BUILT_PRODUCTS_DIR)/GoEuroTask.app/GoEuroTask";
			};
			name = Debug;
		};
		1F688BF11D06D20B00FD0518 /* Release */ = {
			isa = XCBuildConfiguration;
			buildSettings = {
				BUNDLE_LOADER = "$(TEST_HOST)";
				INFOPLIST_FILE = GoEuroTaskTests/Info.plist;
				LD_RUNPATH_SEARCH_PATHS = "$(inherited) @executable_path/Frameworks @loader_path/Frameworks";
				PRODUCT_BUNDLE_IDENTIFIER = com.xNeat.GoEuroTaskTests;
				PRODUCT_NAME = "$(TARGET_NAME)";
				TEST_HOST = "$(BUILT_PRODUCTS_DIR)/GoEuroTask.app/GoEuroTask";
			};
			name = Release;
		};
		1F688BF31D06D20B00FD0518 /* Debug */ = {
			isa = XCBuildConfiguration;
			buildSettings = {
				INFOPLIST_FILE = GoEuroTaskUITests/Info.plist;
				LD_RUNPATH_SEARCH_PATHS = "$(inherited) @executable_path/Frameworks @loader_path/Frameworks";
				PRODUCT_BUNDLE_IDENTIFIER = com.xNeat.GoEuroTaskUITests;
				PRODUCT_NAME = "$(TARGET_NAME)";
				TEST_TARGET_NAME = GoEuroTask;
			};
			name = Debug;
		};
		1F688BF41D06D20B00FD0518 /* Release */ = {
			isa = XCBuildConfiguration;
			buildSettings = {
				INFOPLIST_FILE = GoEuroTaskUITests/Info.plist;
				LD_RUNPATH_SEARCH_PATHS = "$(inherited) @executable_path/Frameworks @loader_path/Frameworks";
				PRODUCT_BUNDLE_IDENTIFIER = com.xNeat.GoEuroTaskUITests;
				PRODUCT_NAME = "$(TARGET_NAME)";
				TEST_TARGET_NAME = GoEuroTask;
			};
			name = Release;
		};
/* End XCBuildConfiguration section */

/* Begin XCConfigurationList section */
		1F688BBA1D06D20B00FD0518 /* Build configuration list for PBXProject "GoEuroTask" */ = {
			isa = XCConfigurationList;
			buildConfigurations = (
				1F688BEA1D06D20B00FD0518 /* Debug */,
				1F688BEB1D06D20B00FD0518 /* Release */,
			);
			defaultConfigurationIsVisible = 0;
			defaultConfigurationName = Release;
		};
		1F688BEC1D06D20B00FD0518 /* Build configuration list for PBXNativeTarget "GoEuroTask" */ = {
			isa = XCConfigurationList;
			buildConfigurations = (
				1F688BED1D06D20B00FD0518 /* Debug */,
				1F688BEE1D06D20B00FD0518 /* Release */,
			);
			defaultConfigurationIsVisible = 0;
			defaultConfigurationName = Release;
		};
		1F688BEF1D06D20B00FD0518 /* Build configuration list for PBXNativeTarget "GoEuroTaskTests" */ = {
			isa = XCConfigurationList;
			buildConfigurations = (
				1F688BF01D06D20B00FD0518 /* Debug */,
				1F688BF11D06D20B00FD0518 /* Release */,
			);
			defaultConfigurationIsVisible = 0;
			defaultConfigurationName = Release;
		};
		1F688BF21D06D20B00FD0518 /* Build configuration list for PBXNativeTarget "GoEuroTaskUITests" */ = {
			isa = XCConfigurationList;
			buildConfigurations = (
				1F688BF31D06D20B00FD0518 /* Debug */,
				1F688BF41D06D20B00FD0518 /* Release */,
			);
			defaultConfigurationIsVisible = 0;
			defaultConfigurationName = Release;
		};
/* End XCConfigurationList section */
	};
	rootObject = 1F688BB71D06D20B00FD0518 /* Project object */;
}
